// !$*UTF8*$!
{
	archiveVersion = 1;
	classes = {
	};
	objectVersion = 46;
	objects = {

/* Begin PBXBuildFile section */
		1E81360F1D84FA0A008C310F /* RelayoutTests-iOS-Info.plist in Resources */ = {isa = PBXBuildFile; fileRef = 1E81360C1D84FA0A008C310F /* RelayoutTests-iOS-Info.plist */; };
		1E8136101D84FA0A008C310F /* RelayoutTests-macOS-Info.plist in Resources */ = {isa = PBXBuildFile; fileRef = 1E81360D1D84FA0A008C310F /* RelayoutTests-macOS-Info.plist */; };
		1E8136111D84FA0A008C310F /* RelayoutTests-tvOS-Info.plist in Resources */ = {isa = PBXBuildFile; fileRef = 1E81360E1D84FA0A008C310F /* RelayoutTests-tvOS-Info.plist */; };
		9BC247251D850FD500A8E79B /* PlatformSupport.swift in Sources */ = {isa = PBXBuildFile; fileRef = 9BC247241D850FD500A8E79B /* PlatformSupport.swift */; };
		A70D4A501D51D29E00DD71AE /* AppDelegate.swift in Sources */ = {isa = PBXBuildFile; fileRef = A70D4A4F1D51D29E00DD71AE /* AppDelegate.swift */; };
		A70D4A591D51D29E00DD71AE /* Assets.xcassets in Resources */ = {isa = PBXBuildFile; fileRef = A70D4A581D51D29E00DD71AE /* Assets.xcassets */; };
		A70D4A5C1D51D29E00DD71AE /* LaunchScreen.storyboard in Resources */ = {isa = PBXBuildFile; fileRef = A70D4A5A1D51D29E00DD71AE /* LaunchScreen.storyboard */; };
		A70D4A631D51D2FA00DD71AE /* MenuViewController.swift in Sources */ = {isa = PBXBuildFile; fileRef = A70D4A611D51D2FA00DD71AE /* MenuViewController.swift */; };
		A70D4A641D51D2FA00DD71AE /* CrustyViewController.swift in Sources */ = {isa = PBXBuildFile; fileRef = A70D4A621D51D2FA00DD71AE /* CrustyViewController.swift */; };
		A70D4A671D51D34E00DD71AE /* Relayout.framework in Frameworks */ = {isa = PBXBuildFile; fileRef = A7EC54E21D51B15200A579B9 /* Relayout.framework */; };
		A70D4A6A1D51D39500DD71AE /* Main.storyboard in Resources */ = {isa = PBXBuildFile; fileRef = A70D4A681D51D39500DD71AE /* Main.storyboard */; };
		A70D4A6D1D52602B00DD71AE /* ConditionalLayout.swift in Sources */ = {isa = PBXBuildFile; fileRef = A70D4A6B1D525FDC00DD71AE /* ConditionalLayout.swift */; };
		A782C3FD1D52D1570080701E /* TraitCollectionLayout.swift in Sources */ = {isa = PBXBuildFile; fileRef = A782C3FC1D52D1570080701E /* TraitCollectionLayout.swift */; };
		A782C3FF1D5311E20080701E /* ListLayout.swift in Sources */ = {isa = PBXBuildFile; fileRef = A782C3FE1D5311E20080701E /* ListLayout.swift */; };
		A782C4011D53188C0080701E /* LayoutGroup.swift in Sources */ = {isa = PBXBuildFile; fileRef = A782C4001D53188C0080701E /* LayoutGroup.swift */; };
		A7EC54E61D51B15200A579B9 /* Relayout.h in Headers */ = {isa = PBXBuildFile; fileRef = A7EC54E51D51B15200A579B9 /* Relayout.h */; settings = {ATTRIBUTES = (Public, ); }; };
		A7EC54ED1D51B15300A579B9 /* Relayout.framework in Frameworks */ = {isa = PBXBuildFile; fileRef = A7EC54E21D51B15200A579B9 /* Relayout.framework */; };
		A7EC54F21D51B15300A579B9 /* RelayoutTests.swift in Sources */ = {isa = PBXBuildFile; fileRef = A7EC54F11D51B15300A579B9 /* RelayoutTests.swift */; };
		A7EC55011D51B22D00A579B9 /* ViewLayout.swift in Sources */ = {isa = PBXBuildFile; fileRef = A7EC55001D51B22D00A579B9 /* ViewLayout.swift */; };
		A7EC55031D51B24300A579B9 /* LayingOut.swift in Sources */ = {isa = PBXBuildFile; fileRef = A7EC55021D51B24200A579B9 /* LayingOut.swift */; };
		A7EC55051D51B42200A579B9 /* Layout.swift in Sources */ = {isa = PBXBuildFile; fileRef = A7EC55041D51B42200A579B9 /* Layout.swift */; };
		A7EC55071D51B44200A579B9 /* IdentifierLayout.swift in Sources */ = {isa = PBXBuildFile; fileRef = A7EC55061D51B44200A579B9 /* IdentifierLayout.swift */; };
/* End PBXBuildFile section */

/* Begin PBXContainerItemProxy section */
		A70D4A651D51D34A00DD71AE /* PBXContainerItemProxy */ = {
			isa = PBXContainerItemProxy;
			containerPortal = A7EC54D91D51B15200A579B9 /* Project object */;
			proxyType = 1;
			remoteGlobalIDString = A7EC54E11D51B15200A579B9;
			remoteInfo = Relayout;
		};
		A7EC54EE1D51B15300A579B9 /* PBXContainerItemProxy */ = {
			isa = PBXContainerItemProxy;
			containerPortal = A7EC54D91D51B15200A579B9 /* Project object */;
			proxyType = 1;
			remoteGlobalIDString = A7EC54E11D51B15200A579B9;
			remoteInfo = Relayout;
		};
/* End PBXContainerItemProxy section */

/* Begin PBXFileReference section */
		1E8135F01D84F84B008C310F /* Relayout-macOS-Info.plist */ = {isa = PBXFileReference; lastKnownFileType = text.plist.xml; path = "Relayout-macOS-Info.plist"; sourceTree = "<group>"; };
		1E8135F11D84F84B008C310F /* Relayout-tvOS-Info.plist */ = {isa = PBXFileReference; lastKnownFileType = text.plist.xml; path = "Relayout-tvOS-Info.plist"; sourceTree = "<group>"; };
		1E81360C1D84FA0A008C310F /* RelayoutTests-iOS-Info.plist */ = {isa = PBXFileReference; fileEncoding = 4; lastKnownFileType = text.plist.xml; path = "RelayoutTests-iOS-Info.plist"; sourceTree = "<group>"; };
		1E81360D1D84FA0A008C310F /* RelayoutTests-macOS-Info.plist */ = {isa = PBXFileReference; fileEncoding = 4; lastKnownFileType = text.plist.xml; path = "RelayoutTests-macOS-Info.plist"; sourceTree = "<group>"; };
		1E81360E1D84FA0A008C310F /* RelayoutTests-tvOS-Info.plist */ = {isa = PBXFileReference; fileEncoding = 4; lastKnownFileType = text.plist.xml; path = "RelayoutTests-tvOS-Info.plist"; sourceTree = "<group>"; };
		9BBC67761D850D75003A78F1 /* LICENSE */ = {isa = PBXFileReference; lastKnownFileType = text; path = LICENSE; sourceTree = "<group>"; };
		9BBC67771D850D75003A78F1 /* README.md */ = {isa = PBXFileReference; lastKnownFileType = net.daringfireball.markdown; path = README.md; sourceTree = "<group>"; };
		9BBC67781D850D75003A78F1 /* UniversalFramework_Base.xcconfig */ = {isa = PBXFileReference; lastKnownFileType = text.xcconfig; path = UniversalFramework_Base.xcconfig; sourceTree = "<group>"; };
		9BBC67791D850D75003A78F1 /* UniversalFramework_Framework.xcconfig */ = {isa = PBXFileReference; lastKnownFileType = text.xcconfig; path = UniversalFramework_Framework.xcconfig; sourceTree = "<group>"; };
		9BBC677A1D850D75003A78F1 /* UniversalFramework_Test.xcconfig */ = {isa = PBXFileReference; lastKnownFileType = text.xcconfig; path = UniversalFramework_Test.xcconfig; sourceTree = "<group>"; };
		9BC247241D850FD500A8E79B /* PlatformSupport.swift */ = {isa = PBXFileReference; fileEncoding = 4; lastKnownFileType = sourcecode.swift; path = PlatformSupport.swift; sourceTree = "<group>"; };
		9BC247261D85123F00A8E79B /* RelayoutFramework.xcconfig */ = {isa = PBXFileReference; lastKnownFileType = text.xcconfig; path = RelayoutFramework.xcconfig; sourceTree = "<group>"; };
		9BC247271D85127F00A8E79B /* RelayoutPlatforms.xcconfig */ = {isa = PBXFileReference; lastKnownFileType = text.xcconfig; path = RelayoutPlatforms.xcconfig; sourceTree = "<group>"; };
		9BC247291D85130300A8E79B /* RelayoutTests.xcconfig */ = {isa = PBXFileReference; lastKnownFileType = text.xcconfig; path = RelayoutTests.xcconfig; sourceTree = "<group>"; };
		A70D4A4D1D51D29E00DD71AE /* RelayoutSampleApp.app */ = {isa = PBXFileReference; explicitFileType = wrapper.application; includeInIndex = 0; path = RelayoutSampleApp.app; sourceTree = BUILT_PRODUCTS_DIR; };
		A70D4A4F1D51D29E00DD71AE /* AppDelegate.swift */ = {isa = PBXFileReference; lastKnownFileType = sourcecode.swift; path = AppDelegate.swift; sourceTree = "<group>"; };
		A70D4A581D51D29E00DD71AE /* Assets.xcassets */ = {isa = PBXFileReference; lastKnownFileType = folder.assetcatalog; path = Assets.xcassets; sourceTree = "<group>"; };
		A70D4A5B1D51D29E00DD71AE /* Base */ = {isa = PBXFileReference; lastKnownFileType = file.storyboard; name = Base; path = Base.lproj/LaunchScreen.storyboard; sourceTree = "<group>"; };
		A70D4A5D1D51D29E00DD71AE /* Info.plist */ = {isa = PBXFileReference; lastKnownFileType = text.plist.xml; path = Info.plist; sourceTree = "<group>"; };
		A70D4A611D51D2FA00DD71AE /* MenuViewController.swift */ = {isa = PBXFileReference; fileEncoding = 4; lastKnownFileType = sourcecode.swift; path = MenuViewController.swift; sourceTree = "<group>"; };
		A70D4A621D51D2FA00DD71AE /* CrustyViewController.swift */ = {isa = PBXFileReference; fileEncoding = 4; lastKnownFileType = sourcecode.swift; path = CrustyViewController.swift; sourceTree = "<group>"; };
		A70D4A691D51D39500DD71AE /* Base */ = {isa = PBXFileReference; lastKnownFileType = file.storyboard; name = Base; path = Base.lproj/Main.storyboard; sourceTree = "<group>"; };
		A70D4A6B1D525FDC00DD71AE /* ConditionalLayout.swift */ = {isa = PBXFileReference; fileEncoding = 4; lastKnownFileType = sourcecode.swift; path = ConditionalLayout.swift; sourceTree = "<group>"; };
		A782C3FC1D52D1570080701E /* TraitCollectionLayout.swift */ = {isa = PBXFileReference; fileEncoding = 4; lastKnownFileType = sourcecode.swift; path = TraitCollectionLayout.swift; sourceTree = "<group>"; };
		A782C3FE1D5311E20080701E /* ListLayout.swift */ = {isa = PBXFileReference; fileEncoding = 4; lastKnownFileType = sourcecode.swift; path = ListLayout.swift; sourceTree = "<group>"; };
		A782C4001D53188C0080701E /* LayoutGroup.swift */ = {isa = PBXFileReference; fileEncoding = 4; lastKnownFileType = sourcecode.swift; path = LayoutGroup.swift; sourceTree = "<group>"; };
		A7EC54E21D51B15200A579B9 /* Relayout.framework */ = {isa = PBXFileReference; explicitFileType = wrapper.framework; includeInIndex = 0; path = Relayout.framework; sourceTree = BUILT_PRODUCTS_DIR; };
		A7EC54E51D51B15200A579B9 /* Relayout.h */ = {isa = PBXFileReference; lastKnownFileType = sourcecode.c.h; path = Relayout.h; sourceTree = "<group>"; };
		A7EC54E71D51B15300A579B9 /* Relayout-iOS-Info.plist */ = {isa = PBXFileReference; lastKnownFileType = text.plist.xml; path = "Relayout-iOS-Info.plist"; sourceTree = "<group>"; };
		A7EC54EC1D51B15300A579B9 /* RelayoutTests.xctest */ = {isa = PBXFileReference; explicitFileType = wrapper.cfbundle; includeInIndex = 0; path = RelayoutTests.xctest; sourceTree = BUILT_PRODUCTS_DIR; };
		A7EC54F11D51B15300A579B9 /* RelayoutTests.swift */ = {isa = PBXFileReference; lastKnownFileType = sourcecode.swift; path = RelayoutTests.swift; sourceTree = "<group>"; };
		A7EC55001D51B22D00A579B9 /* ViewLayout.swift */ = {isa = PBXFileReference; fileEncoding = 4; lastKnownFileType = sourcecode.swift; path = ViewLayout.swift; sourceTree = "<group>"; };
		A7EC55021D51B24200A579B9 /* LayingOut.swift */ = {isa = PBXFileReference; fileEncoding = 4; lastKnownFileType = sourcecode.swift; path = LayingOut.swift; sourceTree = "<group>"; };
		A7EC55041D51B42200A579B9 /* Layout.swift */ = {isa = PBXFileReference; fileEncoding = 4; lastKnownFileType = sourcecode.swift; path = Layout.swift; sourceTree = "<group>"; };
		A7EC55061D51B44200A579B9 /* IdentifierLayout.swift */ = {isa = PBXFileReference; fileEncoding = 4; lastKnownFileType = sourcecode.swift; path = IdentifierLayout.swift; sourceTree = "<group>"; };
/* End PBXFileReference section */

/* Begin PBXFrameworksBuildPhase section */
		A70D4A4A1D51D29E00DD71AE /* Frameworks */ = {
			isa = PBXFrameworksBuildPhase;
			buildActionMask = 2147483647;
			files = (
				A70D4A671D51D34E00DD71AE /* Relayout.framework in Frameworks */,
			);
			runOnlyForDeploymentPostprocessing = 0;
		};
		A7EC54DE1D51B15200A579B9 /* Frameworks */ = {
			isa = PBXFrameworksBuildPhase;
			buildActionMask = 2147483647;
			files = (
			);
			runOnlyForDeploymentPostprocessing = 0;
		};
		A7EC54E91D51B15300A579B9 /* Frameworks */ = {
			isa = PBXFrameworksBuildPhase;
			buildActionMask = 2147483647;
			files = (
				A7EC54ED1D51B15300A579B9 /* Relayout.framework in Frameworks */,
			);
			runOnlyForDeploymentPostprocessing = 0;
		};
/* End PBXFrameworksBuildPhase section */

/* Begin PBXGroup section */
		9BBC67751D850D75003A78F1 /* xcconfigs */ = {
			isa = PBXGroup;
			children = (
				9BBC67761D850D75003A78F1 /* LICENSE */,
				9BBC67771D850D75003A78F1 /* README.md */,
				9BBC67781D850D75003A78F1 /* UniversalFramework_Base.xcconfig */,
				9BBC67791D850D75003A78F1 /* UniversalFramework_Framework.xcconfig */,
				9BBC677A1D850D75003A78F1 /* UniversalFramework_Test.xcconfig */,
			);
			path = xcconfigs;
			sourceTree = "<group>";
		};
		9BC247281D85128400A8E79B /* Configuration */ = {
			isa = PBXGroup;
			children = (
				9BBC67751D850D75003A78F1 /* xcconfigs */,
				9BC247271D85127F00A8E79B /* RelayoutPlatforms.xcconfig */,
				9BC247261D85123F00A8E79B /* RelayoutFramework.xcconfig */,
				9BC247291D85130300A8E79B /* RelayoutTests.xcconfig */,
			);
			name = Configuration;
			sourceTree = "<group>";
		};
		A70D4A4E1D51D29E00DD71AE /* Sample App */ = {
			isa = PBXGroup;
			children = (
				A70D4A611D51D2FA00DD71AE /* MenuViewController.swift */,
				A70D4A621D51D2FA00DD71AE /* CrustyViewController.swift */,
				A70D4A4F1D51D29E00DD71AE /* AppDelegate.swift */,
				A70D4A681D51D39500DD71AE /* Main.storyboard */,
				A70D4A581D51D29E00DD71AE /* Assets.xcassets */,
				A70D4A5A1D51D29E00DD71AE /* LaunchScreen.storyboard */,
				A70D4A5D1D51D29E00DD71AE /* Info.plist */,
			);
			name = "Sample App";
			path = SampleApp;
			sourceTree = "<group>";
		};
		A7EC54D81D51B15200A579B9 = {
			isa = PBXGroup;
			children = (
				9BC247281D85128400A8E79B /* Configuration */,
				A7EC54E41D51B15200A579B9 /* Framework */,
				A7EC54F01D51B15300A579B9 /* Tests */,
				A70D4A4E1D51D29E00DD71AE /* Sample App */,
				A7EC54E31D51B15200A579B9 /* Products */,
			);
			sourceTree = "<group>";
		};
		A7EC54E31D51B15200A579B9 /* Products */ = {
			isa = PBXGroup;
			children = (
				A7EC54E21D51B15200A579B9 /* Relayout.framework */,
				A7EC54EC1D51B15300A579B9 /* RelayoutTests.xctest */,
				A70D4A4D1D51D29E00DD71AE /* RelayoutSampleApp.app */,
			);
			name = Products;
			sourceTree = "<group>";
		};
		A7EC54E41D51B15200A579B9 /* Framework */ = {
			isa = PBXGroup;
			children = (
				A7EC54FF1D51B20B00A579B9 /* Layout */,
				A7EC54FE1D51B1FF00A579B9 /* Support Files */,
			);
			path = Framework;
			sourceTree = "<group>";
		};
		A7EC54F01D51B15300A579B9 /* Tests */ = {
			isa = PBXGroup;
			children = (
				1E81360C1D84FA0A008C310F /* RelayoutTests-iOS-Info.plist */,
				1E81360D1D84FA0A008C310F /* RelayoutTests-macOS-Info.plist */,
				1E81360E1D84FA0A008C310F /* RelayoutTests-tvOS-Info.plist */,
				A7EC54F11D51B15300A579B9 /* RelayoutTests.swift */,
			);
			name = Tests;
			path = RelayoutTests;
			sourceTree = "<group>";
		};
		A7EC54FE1D51B1FF00A579B9 /* Support Files */ = {
			isa = PBXGroup;
			children = (
				A7EC54E51D51B15200A579B9 /* Relayout.h */,
				A7EC54E71D51B15300A579B9 /* Relayout-iOS-Info.plist */,
				1E8135F01D84F84B008C310F /* Relayout-macOS-Info.plist */,
				1E8135F11D84F84B008C310F /* Relayout-tvOS-Info.plist */,
			);
			name = "Support Files";
			sourceTree = "<group>";
		};
		A7EC54FF1D51B20B00A579B9 /* Layout */ = {
			isa = PBXGroup;
			children = (
				A7EC55021D51B24200A579B9 /* LayingOut.swift */,
				A7EC55001D51B22D00A579B9 /* ViewLayout.swift */,
				A7EC55041D51B42200A579B9 /* Layout.swift */,
				A782C4001D53188C0080701E /* LayoutGroup.swift */,
				A7EC55061D51B44200A579B9 /* IdentifierLayout.swift */,
				A70D4A6B1D525FDC00DD71AE /* ConditionalLayout.swift */,
				A782C3FC1D52D1570080701E /* TraitCollectionLayout.swift */,
				A782C3FE1D5311E20080701E /* ListLayout.swift */,
				9BC247241D850FD500A8E79B /* PlatformSupport.swift */,
			);
			path = Layout;
			sourceTree = "<group>";
		};
/* End PBXGroup section */

/* Begin PBXHeadersBuildPhase section */
		A7EC54DF1D51B15200A579B9 /* Headers */ = {
			isa = PBXHeadersBuildPhase;
			buildActionMask = 2147483647;
			files = (
				A7EC54E61D51B15200A579B9 /* Relayout.h in Headers */,
			);
			runOnlyForDeploymentPostprocessing = 0;
		};
/* End PBXHeadersBuildPhase section */

/* Begin PBXNativeTarget section */
		A70D4A4C1D51D29E00DD71AE /* SampleApp */ = {
			isa = PBXNativeTarget;
			buildConfigurationList = A70D4A601D51D29E00DD71AE /* Build configuration list for PBXNativeTarget "SampleApp" */;
			buildPhases = (
				A70D4A491D51D29E00DD71AE /* Sources */,
				A70D4A4A1D51D29E00DD71AE /* Frameworks */,
				A70D4A4B1D51D29E00DD71AE /* Resources */,
			);
			buildRules = (
			);
			dependencies = (
				A70D4A661D51D34A00DD71AE /* PBXTargetDependency */,
			);
			name = SampleApp;
			productName = TestRelayout;
			productReference = A70D4A4D1D51D29E00DD71AE /* RelayoutSampleApp.app */;
			productType = "com.apple.product-type.application";
		};
		A7EC54E11D51B15200A579B9 /* Relayout */ = {
			isa = PBXNativeTarget;
			buildConfigurationList = A7EC54F61D51B15300A579B9 /* Build configuration list for PBXNativeTarget "Relayout" */;
			buildPhases = (
				A7EC54DD1D51B15200A579B9 /* Sources */,
				A7EC54DE1D51B15200A579B9 /* Frameworks */,
				A7EC54DF1D51B15200A579B9 /* Headers */,
				A7EC54E01D51B15200A579B9 /* Resources */,
			);
			buildRules = (
			);
			dependencies = (
			);
			name = Relayout;
			productName = Relayout;
			productReference = A7EC54E21D51B15200A579B9 /* Relayout.framework */;
			productType = "com.apple.product-type.framework";
		};
		A7EC54EB1D51B15300A579B9 /* RelayoutTests */ = {
			isa = PBXNativeTarget;
			buildConfigurationList = A7EC54F91D51B15300A579B9 /* Build configuration list for PBXNativeTarget "RelayoutTests" */;
			buildPhases = (
				A7EC54E81D51B15300A579B9 /* Sources */,
				A7EC54E91D51B15300A579B9 /* Frameworks */,
				A7EC54EA1D51B15300A579B9 /* Resources */,
			);
			buildRules = (
			);
			dependencies = (
				A7EC54EF1D51B15300A579B9 /* PBXTargetDependency */,
			);
			name = RelayoutTests;
			productName = RelayoutTests;
			productReference = A7EC54EC1D51B15300A579B9 /* RelayoutTests.xctest */;
			productType = "com.apple.product-type.bundle.unit-test";
		};
/* End PBXNativeTarget section */

/* Begin PBXProject section */
		A7EC54D91D51B15200A579B9 /* Project object */ = {
			isa = PBXProject;
			attributes = {
				LastSwiftUpdateCheck = 0730;
				LastUpgradeCheck = 0730;
				ORGANIZATIONNAME = "Steve Streza";
				TargetAttributes = {
					A70D4A4C1D51D29E00DD71AE = {
						CreatedOnToolsVersion = 7.3.1;
					};
					A7EC54E11D51B15200A579B9 = {
						CreatedOnToolsVersion = 7.3.1;
					};
					A7EC54EB1D51B15300A579B9 = {
						CreatedOnToolsVersion = 7.3.1;
					};
				};
			};
			buildConfigurationList = A7EC54DC1D51B15200A579B9 /* Build configuration list for PBXProject "Relayout" */;
			compatibilityVersion = "Xcode 3.2";
			developmentRegion = English;
			hasScannedForEncodings = 0;
			knownRegions = (
				en,
				Base,
			);
			mainGroup = A7EC54D81D51B15200A579B9;
			productRefGroup = A7EC54E31D51B15200A579B9 /* Products */;
			projectDirPath = "";
			projectRoot = "";
			targets = (
				A7EC54E11D51B15200A579B9 /* Relayout */,
				A7EC54EB1D51B15300A579B9 /* RelayoutTests */,
				A70D4A4C1D51D29E00DD71AE /* SampleApp */,
			);
		};
/* End PBXProject section */

/* Begin PBXResourcesBuildPhase section */
		A70D4A4B1D51D29E00DD71AE /* Resources */ = {
			isa = PBXResourcesBuildPhase;
			buildActionMask = 2147483647;
			files = (
				A70D4A6A1D51D39500DD71AE /* Main.storyboard in Resources */,
				A70D4A5C1D51D29E00DD71AE /* LaunchScreen.storyboard in Resources */,
				A70D4A591D51D29E00DD71AE /* Assets.xcassets in Resources */,
			);
			runOnlyForDeploymentPostprocessing = 0;
		};
		A7EC54E01D51B15200A579B9 /* Resources */ = {
			isa = PBXResourcesBuildPhase;
			buildActionMask = 2147483647;
			files = (
				1E81360F1D84FA0A008C310F /* RelayoutTests-iOS-Info.plist in Resources */,
				1E8136101D84FA0A008C310F /* RelayoutTests-macOS-Info.plist in Resources */,
				1E8136111D84FA0A008C310F /* RelayoutTests-tvOS-Info.plist in Resources */,
			);
			runOnlyForDeploymentPostprocessing = 0;
		};
		A7EC54EA1D51B15300A579B9 /* Resources */ = {
			isa = PBXResourcesBuildPhase;
			buildActionMask = 2147483647;
			files = (
			);
			runOnlyForDeploymentPostprocessing = 0;
		};
/* End PBXResourcesBuildPhase section */

/* Begin PBXSourcesBuildPhase section */
		A70D4A491D51D29E00DD71AE /* Sources */ = {
			isa = PBXSourcesBuildPhase;
			buildActionMask = 2147483647;
			files = (
				A70D4A641D51D2FA00DD71AE /* CrustyViewController.swift in Sources */,
				A70D4A501D51D29E00DD71AE /* AppDelegate.swift in Sources */,
				A70D4A631D51D2FA00DD71AE /* MenuViewController.swift in Sources */,
			);
			runOnlyForDeploymentPostprocessing = 0;
		};
		A7EC54DD1D51B15200A579B9 /* Sources */ = {
			isa = PBXSourcesBuildPhase;
			buildActionMask = 2147483647;
			files = (
				A70D4A6D1D52602B00DD71AE /* ConditionalLayout.swift in Sources */,
				A782C3FF1D5311E20080701E /* ListLayout.swift in Sources */,
				9BC247251D850FD500A8E79B /* PlatformSupport.swift in Sources */,
				A7EC55031D51B24300A579B9 /* LayingOut.swift in Sources */,
				A7EC55011D51B22D00A579B9 /* ViewLayout.swift in Sources */,
				A7EC55071D51B44200A579B9 /* IdentifierLayout.swift in Sources */,
				A782C3FD1D52D1570080701E /* TraitCollectionLayout.swift in Sources */,
				A7EC55051D51B42200A579B9 /* Layout.swift in Sources */,
				A782C4011D53188C0080701E /* LayoutGroup.swift in Sources */,
			);
			runOnlyForDeploymentPostprocessing = 0;
		};
		A7EC54E81D51B15300A579B9 /* Sources */ = {
			isa = PBXSourcesBuildPhase;
			buildActionMask = 2147483647;
			files = (
				A7EC54F21D51B15300A579B9 /* RelayoutTests.swift in Sources */,
			);
			runOnlyForDeploymentPostprocessing = 0;
		};
/* End PBXSourcesBuildPhase section */

/* Begin PBXTargetDependency section */
		A70D4A661D51D34A00DD71AE /* PBXTargetDependency */ = {
			isa = PBXTargetDependency;
			target = A7EC54E11D51B15200A579B9 /* Relayout */;
			targetProxy = A70D4A651D51D34A00DD71AE /* PBXContainerItemProxy */;
		};
		A7EC54EF1D51B15300A579B9 /* PBXTargetDependency */ = {
			isa = PBXTargetDependency;
			target = A7EC54E11D51B15200A579B9 /* Relayout */;
			targetProxy = A7EC54EE1D51B15300A579B9 /* PBXContainerItemProxy */;
		};
/* End PBXTargetDependency section */

/* Begin PBXVariantGroup section */
		A70D4A5A1D51D29E00DD71AE /* LaunchScreen.storyboard */ = {
			isa = PBXVariantGroup;
			children = (
				A70D4A5B1D51D29E00DD71AE /* Base */,
			);
			name = LaunchScreen.storyboard;
			sourceTree = "<group>";
		};
		A70D4A681D51D39500DD71AE /* Main.storyboard */ = {
			isa = PBXVariantGroup;
			children = (
				A70D4A691D51D39500DD71AE /* Base */,
			);
			name = Main.storyboard;
			sourceTree = "<group>";
		};
/* End PBXVariantGroup section */

/* Begin XCBuildConfiguration section */
		A70D4A5E1D51D29E00DD71AE /* Debug */ = {
			isa = XCBuildConfiguration;
			buildSettings = {
				ASSETCATALOG_COMPILER_APPICON_NAME = AppIcon;
				INFOPLIST_FILE = "$(SRCROOT)/SampleApp/Info.plist";
				LD_RUNPATH_SEARCH_PATHS = "$(inherited) @executable_path/Frameworks";
				PRODUCT_BUNDLE_IDENTIFIER = com.stevestreza.TestRelayout.macOS;
				PRODUCT_NAME = RelayoutSampleApp;
			};
			name = Debug;
		};
		A70D4A5F1D51D29E00DD71AE /* Release */ = {
			isa = XCBuildConfiguration;
			buildSettings = {
				ASSETCATALOG_COMPILER_APPICON_NAME = AppIcon;
				INFOPLIST_FILE = "$(SRCROOT)/SampleApp/Info.plist";
				LD_RUNPATH_SEARCH_PATHS = "$(inherited) @executable_path/Frameworks";
				PRODUCT_BUNDLE_IDENTIFIER = com.stevestreza.TestRelayout.macOS;
				PRODUCT_NAME = RelayoutSampleApp;
			};
			name = Release;
		};
		A7EC54F41D51B15300A579B9 /* Debug */ = {
			isa = XCBuildConfiguration;
			buildSettings = {
				ALWAYS_SEARCH_USER_PATHS = NO;
				CLANG_ANALYZER_NONNULL = YES;
				CLANG_CXX_LANGUAGE_STANDARD = "gnu++0x";
				CLANG_CXX_LIBRARY = "libc++";
				CLANG_ENABLE_MODULES = YES;
				CLANG_ENABLE_OBJC_ARC = YES;
				CLANG_WARN_BOOL_CONVERSION = YES;
				CLANG_WARN_CONSTANT_CONVERSION = YES;
				CLANG_WARN_DIRECT_OBJC_ISA_USAGE = YES_ERROR;
				CLANG_WARN_EMPTY_BODY = YES;
				CLANG_WARN_ENUM_CONVERSION = YES;
				CLANG_WARN_INT_CONVERSION = YES;
				CLANG_WARN_OBJC_ROOT_CLASS = YES_ERROR;
				CLANG_WARN_UNREACHABLE_CODE = YES;
				CLANG_WARN__DUPLICATE_METHOD_MATCH = YES;
				"CODE_SIGN_IDENTITY[sdk=iphoneos*]" = "iPhone Developer";
				COPY_PHASE_STRIP = NO;
				CURRENT_PROJECT_VERSION = 1;
				DEBUG_INFORMATION_FORMAT = dwarf;
				ENABLE_STRICT_OBJC_MSGSEND = YES;
				ENABLE_TESTABILITY = YES;
				GCC_C_LANGUAGE_STANDARD = gnu99;
				GCC_DYNAMIC_NO_PIC = NO;
				GCC_NO_COMMON_BLOCKS = YES;
				GCC_OPTIMIZATION_LEVEL = 0;
				GCC_PREPROCESSOR_DEFINITIONS = (
					"DEBUG=1",
					"$(inherited)",
				);
				GCC_WARN_64_TO_32_BIT_CONVERSION = YES;
				GCC_WARN_ABOUT_RETURN_TYPE = YES_ERROR;
				GCC_WARN_UNDECLARED_SELECTOR = YES;
				GCC_WARN_UNINITIALIZED_AUTOS = YES_AGGRESSIVE;
				GCC_WARN_UNUSED_FUNCTION = YES;
				GCC_WARN_UNUSED_VARIABLE = YES;
				MTL_ENABLE_DEBUG_INFO = YES;
				SWIFT_OPTIMIZATION_LEVEL = "-Onone";
				TARGETED_DEVICE_FAMILY = "1,2";
				VERSIONING_SYSTEM = "apple-generic";
				VERSION_INFO_PREFIX = "";
			};
			name = Debug;
		};
		A7EC54F51D51B15300A579B9 /* Release */ = {
			isa = XCBuildConfiguration;
			buildSettings = {
				ALWAYS_SEARCH_USER_PATHS = NO;
				CLANG_ANALYZER_NONNULL = YES;
				CLANG_CXX_LANGUAGE_STANDARD = "gnu++0x";
				CLANG_CXX_LIBRARY = "libc++";
				CLANG_ENABLE_MODULES = YES;
				CLANG_ENABLE_OBJC_ARC = YES;
				CLANG_WARN_BOOL_CONVERSION = YES;
				CLANG_WARN_CONSTANT_CONVERSION = YES;
				CLANG_WARN_DIRECT_OBJC_ISA_USAGE = YES_ERROR;
				CLANG_WARN_EMPTY_BODY = YES;
				CLANG_WARN_ENUM_CONVERSION = YES;
				CLANG_WARN_INT_CONVERSION = YES;
				CLANG_WARN_OBJC_ROOT_CLASS = YES_ERROR;
				CLANG_WARN_UNREACHABLE_CODE = YES;
				CLANG_WARN__DUPLICATE_METHOD_MATCH = YES;
				"CODE_SIGN_IDENTITY[sdk=iphoneos*]" = "iPhone Developer";
				COPY_PHASE_STRIP = NO;
				CURRENT_PROJECT_VERSION = 1;
				DEBUG_INFORMATION_FORMAT = "dwarf-with-dsym";
				ENABLE_NS_ASSERTIONS = NO;
				ENABLE_STRICT_OBJC_MSGSEND = YES;
				GCC_C_LANGUAGE_STANDARD = gnu99;
				GCC_NO_COMMON_BLOCKS = YES;
				GCC_WARN_64_TO_32_BIT_CONVERSION = YES;
				GCC_WARN_ABOUT_RETURN_TYPE = YES_ERROR;
				GCC_WARN_UNDECLARED_SELECTOR = YES;
				GCC_WARN_UNINITIALIZED_AUTOS = YES_AGGRESSIVE;
				GCC_WARN_UNUSED_FUNCTION = YES;
				GCC_WARN_UNUSED_VARIABLE = YES;
				MTL_ENABLE_DEBUG_INFO = NO;
				TARGETED_DEVICE_FAMILY = "1,2";
				VALIDATE_PRODUCT = YES;
				VERSIONING_SYSTEM = "apple-generic";
				VERSION_INFO_PREFIX = "";
			};
			name = Release;
		};
		A7EC54F71D51B15300A579B9 /* Debug */ = {
			isa = XCBuildConfiguration;
			baseConfigurationReference = 9BC247261D85123F00A8E79B /* RelayoutFramework.xcconfig */;
			buildSettings = {
				CLANG_ENABLE_MODULES = YES;
				DEFINES_MODULE = YES;
				DYLIB_COMPATIBILITY_VERSION = 1;
				DYLIB_CURRENT_VERSION = 1;
				DYLIB_INSTALL_NAME_BASE = "@rpath";
				INFOPLIST_FILE = "$(SRCROOT)/Framework/Relayout-iOS-Info.plist";
				INSTALL_PATH = "$(LOCAL_LIBRARY_DIR)/Frameworks";
				LD_RUNPATH_SEARCH_PATHS = "$(inherited) @executable_path/Frameworks @loader_path/Frameworks";
				PRODUCT_BUNDLE_IDENTIFIER = com.stevestreza.Relayout;
				PRODUCT_NAME = "$(TARGET_NAME)";
				SKIP_INSTALL = YES;
				SWIFT_OPTIMIZATION_LEVEL = "-Onone";
			};
			name = Debug;
		};
		A7EC54F81D51B15300A579B9 /* Release */ = {
			isa = XCBuildConfiguration;
			baseConfigurationReference = 9BC247261D85123F00A8E79B /* RelayoutFramework.xcconfig */;
			buildSettings = {
				CLANG_ENABLE_MODULES = YES;
				DEFINES_MODULE = YES;
				DYLIB_COMPATIBILITY_VERSION = 1;
				DYLIB_CURRENT_VERSION = 1;
				DYLIB_INSTALL_NAME_BASE = "@rpath";
				INFOPLIST_FILE = "$(SRCROOT)/Framework/Relayout-iOS-Info.plist";
				INSTALL_PATH = "$(LOCAL_LIBRARY_DIR)/Frameworks";
				LD_RUNPATH_SEARCH_PATHS = "$(inherited) @executable_path/Frameworks @loader_path/Frameworks";
				PRODUCT_BUNDLE_IDENTIFIER = com.stevestreza.Relayout;
				PRODUCT_NAME = "$(TARGET_NAME)";
				SKIP_INSTALL = YES;
			};
			name = Release;
		};
		A7EC54FA1D51B15300A579B9 /* Debug */ = {
			isa = XCBuildConfiguration;
			baseConfigurationReference = 9BC247291D85130300A8E79B /* RelayoutTests.xcconfig */;
			buildSettings = {
				INFOPLIST_FILE = "RelayoutTests/RelayoutTests-iOS-Info.plist";
				LD_RUNPATH_SEARCH_PATHS = "$(inherited) @executable_path/Frameworks @loader_path/Frameworks";
				PRODUCT_BUNDLE_IDENTIFIER = com.stevestreza.RelayoutTests;
				PRODUCT_NAME = "$(TARGET_NAME)";
				SDKROOT = iphoneos;
			};
			name = Debug;
		};
		A7EC54FB1D51B15300A579B9 /* Release */ = {
			isa = XCBuildConfiguration;
			baseConfigurationReference = 9BC247291D85130300A8E79B /* RelayoutTests.xcconfig */;
			buildSettings = {
				INFOPLIST_FILE = "RelayoutTests/RelayoutTests-iOS-Info.plist";
				LD_RUNPATH_SEARCH_PATHS = "$(inherited) @executable_path/Frameworks @loader_path/Frameworks";
				PRODUCT_BUNDLE_IDENTIFIER = com.stevestreza.RelayoutTests;
				PRODUCT_NAME = "$(TARGET_NAME)";
				SDKROOT = iphoneos;
			};
			name = Release;
		};
/* End XCBuildConfiguration section */

/* Begin XCConfigurationList section */
		A70D4A601D51D29E00DD71AE /* Build configuration list for PBXNativeTarget "SampleApp" */ = {
			isa = XCConfigurationList;
			buildConfigurations = (
				A70D4A5E1D51D29E00DD71AE /* Debug */,
				A70D4A5F1D51D29E00DD71AE /* Release */,
			);
			defaultConfigurationIsVisible = 0;
			defaultConfigurationName = Release;
		};
		A7EC54DC1D51B15200A579B9 /* Build configuration list for PBXProject "Relayout" */ = {
			isa = XCConfigurationList;
			buildConfigurations = (
				A7EC54F41D51B15300A579B9 /* Debug */,
				A7EC54F51D51B15300A579B9 /* Release */,
			);
			defaultConfigurationIsVisible = 0;
			defaultConfigurationName = Release;
		};
		A7EC54F61D51B15300A579B9 /* Build configuration list for PBXNativeTarget "Relayout" */ = {
			isa = XCConfigurationList;
			buildConfigurations = (
				A7EC54F71D51B15300A579B9 /* Debug */,
				A7EC54F81D51B15300A579B9 /* Release */,
			);
			defaultConfigurationIsVisible = 0;
			defaultConfigurationName = Release;
		};
		A7EC54F91D51B15300A579B9 /* Build configuration list for PBXNativeTarget "RelayoutTests" */ = {
			isa = XCConfigurationList;
			buildConfigurations = (
				A7EC54FA1D51B15300A579B9 /* Debug */,
				A7EC54FB1D51B15300A579B9 /* Release */,
			);
			defaultConfigurationIsVisible = 0;
			defaultConfigurationName = Release;
		};
/* End XCConfigurationList section */
	};
	rootObject = A7EC54D91D51B15200A579B9 /* Project object */;
}
